
Microsoft Visual Studio Solution File, Format Version 12.00
# Visual Studio Version 16
VisualStudioVersion = 16.0.29519.87
MinimumVisualStudioVersion = 10.0.40219.1
Project("{FAE04EC0-301F-11D3-BF4B-00C04F79EFBC}") = "GUI DMS", "GUI DMS.csproj", "{2CA65551-9E9D-458D-A7DA-7DB4E7E087F5}"
EndProject
Global
	GlobalSection(SolutionConfigurationPlatforms) = preSolution
		Debug|Any CPU = Debug|Any CPU
		Release|Any CPU = Release|Any CPU
	EndGlobalSection
	GlobalSection(ProjectConfigurationPlatforms) = postSolution
		{2CA65551-9E9D-458D-A7DA-7DB4E7E087F5}.Debug|Any CPU.ActiveCfg = Debug|Any CPU
		{2CA65551-9E9D-458D-A7DA-7DB4E7E087F5}.Debug|Any CPU.Build.0 = Debug|Any CPU
		{2CA65551-9E9D-458D-A7DA-7DB4E7E087F5}.Release|Any CPU.ActiveCfg = Release|Any CPU
		{2CA65551-9E9D-458D-A7DA-7DB4E7E087F5}.Release|Any CPU.Build.0 = Release|Any CPU
	EndGlobalSection
	GlobalSection(SolutionProperties) = preSolution
		HideSolutionNode = FALSE
	EndGlobalSection
	GlobalSection(ExtensibilityGlobals) = postSolution
		SolutionGuid = {EF8FDF57-301C-4327-82DE-5F28ADBD1394}
	EndGlobalSection
EndGlobal
